// !$*UTF8*$!
{
	archiveVersion = 1;
	classes = {
	};
	objectVersion = 48;
	objects = {

/* Begin PBXBuildFile section */
		B1AAB31022F1901000F41997 /* AppDelegate.swift in Sources */ = {isa = PBXBuildFile; fileRef = B1AAB30F22F1901000F41997 /* AppDelegate.swift */; };
		B1AAB31222F1901000F41997 /* ViewController.swift in Sources */ = {isa = PBXBuildFile; fileRef = B1AAB31122F1901000F41997 /* ViewController.swift */; };
		B1AAB31522F1901000F41997 /* Main.storyboard in Resources */ = {isa = PBXBuildFile; fileRef = B1AAB31322F1901000F41997 /* Main.storyboard */; };
		B1AAB31722F1901000F41997 /* Assets.xcassets in Resources */ = {isa = PBXBuildFile; fileRef = B1AAB31622F1901000F41997 /* Assets.xcassets */; };
		B1AAB31A22F1901000F41997 /* LaunchScreen.storyboard in Resources */ = {isa = PBXBuildFile; fileRef = B1AAB31822F1901000F41997 /* LaunchScreen.storyboard */; };
		B1AAB32522F1901000F41997 /* _907_BTech_using_func_return_typeTests.swift in Sources */ = {isa = PBXBuildFile; fileRef = B1AAB32422F1901000F41997 /* _907_BTech_using_func_return_typeTests.swift */; };
		B1AAB33022F1901000F41997 /* _907_BTech_using_func_return_typeUITests.swift in Sources */ = {isa = PBXBuildFile; fileRef = B1AAB32F22F1901000F41997 /* _907_BTech_using_func_return_typeUITests.swift */; };
/* End PBXBuildFile section */

/* Begin PBXContainerItemProxy section */
		B1AAB32122F1901000F41997 /* PBXContainerItemProxy */ = {
			isa = PBXContainerItemProxy;
			containerPortal = B1AAB30422F1901000F41997 /* Project object */;
			proxyType = 1;
			remoteGlobalIDString = B1AAB30B22F1901000F41997;
			remoteInfo = "1907-BTech using func,return type";
		};
		B1AAB32C22F1901000F41997 /* PBXContainerItemProxy */ = {
			isa = PBXContainerItemProxy;
			containerPortal = B1AAB30422F1901000F41997 /* Project object */;
			proxyType = 1;
			remoteGlobalIDString = B1AAB30B22F1901000F41997;
			remoteInfo = "1907-BTech using func,return type";
		};
/* End PBXContainerItemProxy section */

/* Begin PBXFileReference section */
		B1AAB30C22F1901000F41997 /* 1907-BTech using func,return type.app */ = {isa = PBXFileReference; explicitFileType = wrapper.application; includeInIndex = 0; path = "1907-BTech using func,return type.app"; sourceTree = BUILT_PRODUCTS_DIR; };
		B1AAB30F22F1901000F41997 /* AppDelegate.swift */ = {isa = PBXFileReference; lastKnownFileType = sourcecode.swift; path = AppDelegate.swift; sourceTree = "<group>"; };
		B1AAB31122F1901000F41997 /* ViewController.swift */ = {isa = PBXFileReference; lastKnownFileType = sourcecode.swift; path = ViewController.swift; sourceTree = "<group>"; };
		B1AAB31422F1901000F41997 /* Base */ = {isa = PBXFileReference; lastKnownFileType = file.storyboard; name = Base; path = Base.lproj/Main.storyboard; sourceTree = "<group>"; };
		B1AAB31622F1901000F41997 /* Assets.xcassets */ = {isa = PBXFileReference; lastKnownFileType = folder.assetcatalog; path = Assets.xcassets; sourceTree = "<group>"; };
		B1AAB31922F1901000F41997 /* Base */ = {isa = PBXFileReference; lastKnownFileType = file.storyboard; name = Base; path = Base.lproj/LaunchScreen.storyboard; sourceTree = "<group>"; };
		B1AAB31B22F1901000F41997 /* Info.plist */ = {isa = PBXFileReference; lastKnownFileType = text.plist.xml; path = Info.plist; sourceTree = "<group>"; };
		B1AAB32022F1901000F41997 /* 1907-BTech using func,return typeTests.xctest */ = {isa = PBXFileReference; explicitFileType = wrapper.cfbundle; includeInIndex = 0; path = "1907-BTech using func,return typeTests.xctest"; sourceTree = BUILT_PRODUCTS_DIR; };
		B1AAB32422F1901000F41997 /* _907_BTech_using_func_return_typeTests.swift */ = {isa = PBXFileReference; lastKnownFileType = sourcecode.swift; path = _907_BTech_using_func_return_typeTests.swift; sourceTree = "<group>"; };
		B1AAB32622F1901000F41997 /* Info.plist */ = {isa = PBXFileReference; lastKnownFileType = text.plist.xml; path = Info.plist; sourceTree = "<group>"; };
		B1AAB32B22F1901000F41997 /* 1907-BTech using func,return typeUITests.xctest */ = {isa = PBXFileReference; explicitFileType = wrapper.cfbundle; includeInIndex = 0; path = "1907-BTech using func,return typeUITests.xctest"; sourceTree = BUILT_PRODUCTS_DIR; };
		B1AAB32F22F1901000F41997 /* _907_BTech_using_func_return_typeUITests.swift */ = {isa = PBXFileReference; lastKnownFileType = sourcecode.swift; path = _907_BTech_using_func_return_typeUITests.swift; sourceTree = "<group>"; };
		B1AAB33122F1901000F41997 /* Info.plist */ = {isa = PBXFileReference; lastKnownFileType = text.plist.xml; path = Info.plist; sourceTree = "<group>"; };
/* End PBXFileReference section */

/* Begin PBXFrameworksBuildPhase section */
		B1AAB30922F1901000F41997 /* Frameworks */ = {
			isa = PBXFrameworksBuildPhase;
			buildActionMask = 2147483647;
			files = (
			);
			runOnlyForDeploymentPostprocessing = 0;
		};
		B1AAB31D22F1901000F41997 /* Frameworks */ = {
			isa = PBXFrameworksBuildPhase;
			buildActionMask = 2147483647;
			files = (
			);
			runOnlyForDeploymentPostprocessing = 0;
		};
		B1AAB32822F1901000F41997 /* Frameworks */ = {
			isa = PBXFrameworksBuildPhase;
			buildActionMask = 2147483647;
			files = (
			);
			runOnlyForDeploymentPostprocessing = 0;
		};
/* End PBXFrameworksBuildPhase section */

/* Begin PBXGroup section */
		B1AAB30322F1901000F41997 = {
			isa = PBXGroup;
			children = (
				B1AAB30E22F1901000F41997 /* 1907-BTech using func,return type */,
				B1AAB32322F1901000F41997 /* 1907-BTech using func,return typeTests */,
				B1AAB32E22F1901000F41997 /* 1907-BTech using func,return typeUITests */,
				B1AAB30D22F1901000F41997 /* Products */,
			);
			sourceTree = "<group>";
		};
		B1AAB30D22F1901000F41997 /* Products */ = {
			isa = PBXGroup;
			children = (
				B1AAB30C22F1901000F41997 /* 1907-BTech using func,return type.app */,
				B1AAB32022F1901000F41997 /* 1907-BTech using func,return typeTests.xctest */,
				B1AAB32B22F1901000F41997 /* 1907-BTech using func,return typeUITests.xctest */,
			);
			name = Products;
			sourceTree = "<group>";
		};
		B1AAB30E22F1901000F41997 /* 1907-BTech using func,return type */ = {
			isa = PBXGroup;
			children = (
				B1AAB30F22F1901000F41997 /* AppDelegate.swift */,
				B1AAB31122F1901000F41997 /* ViewController.swift */,
				B1AAB31322F1901000F41997 /* Main.storyboard */,
				B1AAB31622F1901000F41997 /* Assets.xcassets */,
				B1AAB31822F1901000F41997 /* LaunchScreen.storyboard */,
				B1AAB31B22F1901000F41997 /* Info.plist */,
			);
			path = "1907-BTech using func,return type";
			sourceTree = "<group>";
		};
		B1AAB32322F1901000F41997 /* 1907-BTech using func,return typeTests */ = {
			isa = PBXGroup;
			children = (
				B1AAB32422F1901000F41997 /* _907_BTech_using_func_return_typeTests.swift */,
				B1AAB32622F1901000F41997 /* Info.plist */,
			);
			path = "1907-BTech using func,return typeTests";
			sourceTree = "<group>";
		};
		B1AAB32E22F1901000F41997 /* 1907-BTech using func,return typeUITests */ = {
			isa = PBXGroup;
			children = (
				B1AAB32F22F1901000F41997 /* _907_BTech_using_func_return_typeUITests.swift */,
				B1AAB33122F1901000F41997 /* Info.plist */,
			);
			path = "1907-BTech using func,return typeUITests";
			sourceTree = "<group>";
		};
/* End PBXGroup section */

/* Begin PBXNativeTarget section */
		B1AAB30B22F1901000F41997 /* 1907-BTech using func,return type */ = {
			isa = PBXNativeTarget;
			buildConfigurationList = B1AAB33422F1901000F41997 /* Build configuration list for PBXNativeTarget "1907-BTech using func,return type" */;
			buildPhases = (
				B1AAB30822F1901000F41997 /* Sources */,
				B1AAB30922F1901000F41997 /* Frameworks */,
				B1AAB30A22F1901000F41997 /* Resources */,
			);
			buildRules = (
			);
			dependencies = (
			);
			name = "1907-BTech using func,return type";
			productName = "1907-BTech using func,return type";
			productReference = B1AAB30C22F1901000F41997 /* 1907-BTech using func,return type.app */;
			productType = "com.apple.product-type.application";
		};
		B1AAB31F22F1901000F41997 /* 1907-BTech using func,return typeTests */ = {
			isa = PBXNativeTarget;
			buildConfigurationList = B1AAB33722F1901000F41997 /* Build configuration list for PBXNativeTarget "1907-BTech using func,return typeTests" */;
			buildPhases = (
				B1AAB31C22F1901000F41997 /* Sources */,
				B1AAB31D22F1901000F41997 /* Frameworks */,
				B1AAB31E22F1901000F41997 /* Resources */,
			);
			buildRules = (
			);
			dependencies = (
				B1AAB32222F1901000F41997 /* PBXTargetDependency */,
			);
			name = "1907-BTech using func,return typeTests";
			productName = "1907-BTech using func,return typeTests";
			productReference = B1AAB32022F1901000F41997 /* 1907-BTech using func,return typeTests.xctest */;
			productType = "com.apple.product-type.bundle.unit-test";
		};
		B1AAB32A22F1901000F41997 /* 1907-BTech using func,return typeUITests */ = {
			isa = PBXNativeTarget;
			buildConfigurationList = B1AAB33A22F1901000F41997 /* Build configuration list for PBXNativeTarget "1907-BTech using func,return typeUITests" */;
			buildPhases = (
				B1AAB32722F1901000F41997 /* Sources */,
				B1AAB32822F1901000F41997 /* Frameworks */,
				B1AAB32922F1901000F41997 /* Resources */,
			);
			buildRules = (
			);
			dependencies = (
				B1AAB32D22F1901000F41997 /* PBXTargetDependency */,
			);
			name = "1907-BTech using func,return typeUITests";
			productName = "1907-BTech using func,return typeUITests";
			productReference = B1AAB32B22F1901000F41997 /* 1907-BTech using func,return typeUITests.xctest */;
			productType = "com.apple.product-type.bundle.ui-testing";
		};
/* End PBXNativeTarget section */

/* Begin PBXProject section */
		B1AAB30422F1901000F41997 /* Project object */ = {
			isa = PBXProject;
			attributes = {
				LastSwiftUpdateCheck = 0920;
				LastUpgradeCheck = 0920;
				ORGANIZATIONNAME = BRN1907;
				TargetAttributes = {
					B1AAB30B22F1901000F41997 = {
						CreatedOnToolsVersion = 9.2;
						ProvisioningStyle = Automatic;
					};
					B1AAB31F22F1901000F41997 = {
						CreatedOnToolsVersion = 9.2;
						ProvisioningStyle = Automatic;
						TestTargetID = B1AAB30B22F1901000F41997;
					};
					B1AAB32A22F1901000F41997 = {
						CreatedOnToolsVersion = 9.2;
						ProvisioningStyle = Automatic;
						TestTargetID = B1AAB30B22F1901000F41997;
					};
				};
			};
			buildConfigurationList = B1AAB30722F1901000F41997 /* Build configuration list for PBXProject "1907-BTech using func,return type" */;
			compatibilityVersion = "Xcode 8.0";
			developmentRegion = en;
			hasScannedForEncodings = 0;
			knownRegions = (
				en,
				Base,
			);
			mainGroup = B1AAB30322F1901000F41997;
			productRefGroup = B1AAB30D22F1901000F41997 /* Products */;
			projectDirPath = "";
			projectRoot = "";
			targets = (
				B1AAB30B22F1901000F41997 /* 1907-BTech using func,return type */,
				B1AAB31F22F1901000F41997 /* 1907-BTech using func,return typeTests */,
				B1AAB32A22F1901000F41997 /* 1907-BTech using func,return typeUITests */,
			);
		};
/* End PBXProject section */

/* Begin PBXResourcesBuildPhase section */
		B1AAB30A22F1901000F41997 /* Resources */ = {
			isa = PBXResourcesBuildPhase;
			buildActionMask = 2147483647;
			files = (
				B1AAB31A22F1901000F41997 /* LaunchScreen.storyboard in Resources */,
				B1AAB31722F1901000F41997 /* Assets.xcassets in Resources */,
				B1AAB31522F1901000F41997 /* Main.storyboard in Resources */,
			);
			runOnlyForDeploymentPostprocessing = 0;
		};
		B1AAB31E22F1901000F41997 /* Resources */ = {
			isa = PBXResourcesBuildPhase;
			buildActionMask = 2147483647;
			files = (
			);
			runOnlyForDeploymentPostprocessing = 0;
		};
		B1AAB32922F1901000F41997 /* Resources */ = {
			isa = PBXResourcesBuildPhase;
			buildActionMask = 2147483647;
			files = (
			);
			runOnlyForDeploymentPostprocessing = 0;
		};
/* End PBXResourcesBuildPhase section */

/* Begin PBXSourcesBuildPhase section */
		B1AAB30822F1901000F41997 /* Sources */ = {
			isa = PBXSourcesBuildPhase;
			buildActionMask = 2147483647;
			files = (
				B1AAB31222F1901000F41997 /* ViewController.swift in Sources */,
				B1AAB31022F1901000F41997 /* AppDelegate.swift in Sources */,
			);
			runOnlyForDeploymentPostprocessing = 0;
		};
		B1AAB31C22F1901000F41997 /* Sources */ = {
			isa = PBXSourcesBuildPhase;
			buildActionMask = 2147483647;
			files = (
				B1AAB32522F1901000F41997 /* _907_BTech_using_func_return_typeTests.swift in Sources */,
			);
			runOnlyForDeploymentPostprocessing = 0;
		};
		B1AAB32722F1901000F41997 /* Sources */ = {
			isa = PBXSourcesBuildPhase;
			buildActionMask = 2147483647;
			files = (
				B1AAB33022F1901000F41997 /* _907_BTech_using_func_return_typeUITests.swift in Sources */,
			);
			runOnlyForDeploymentPostprocessing = 0;
		};
/* End PBXSourcesBuildPhase section */

/* Begin PBXTargetDependency section */
		B1AAB32222F1901000F41997 /* PBXTargetDependency */ = {
			isa = PBXTargetDependency;
			target = B1AAB30B22F1901000F41997 /* 1907-BTech using func,return type */;
			targetProxy = B1AAB32122F1901000F41997 /* PBXContainerItemProxy */;
		};
		B1AAB32D22F1901000F41997 /* PBXTargetDependency */ = {
			isa = PBXTargetDependency;
			target = B1AAB30B22F1901000F41997 /* 1907-BTech using func,return type */;
			targetProxy = B1AAB32C22F1901000F41997 /* PBXContainerItemProxy */;
		};
/* End PBXTargetDependency section */

/* Begin PBXVariantGroup section */
		B1AAB31322F1901000F41997 /* Main.storyboard */ = {
			isa = PBXVariantGroup;
			children = (
				B1AAB31422F1901000F41997 /* Base */,
			);
			name = Main.storyboard;
			sourceTree = "<group>";
		};
		B1AAB31822F1901000F41997 /* LaunchScreen.storyboard */ = {
			isa = PBXVariantGroup;
			children = (
				B1AAB31922F1901000F41997 /* Base */,
			);
			name = LaunchScreen.storyboard;
			sourceTree = "<group>";
		};
/* End PBXVariantGroup section */

/* Begin XCBuildConfiguration section */
		B1AAB33222F1901000F41997 /* Debug */ = {
			isa = XCBuildConfiguration;
			buildSettings = {
				ALWAYS_SEARCH_USER_PATHS = NO;
				CLANG_ANALYZER_NONNULL = YES;
				CLANG_ANALYZER_NUMBER_OBJECT_CONVERSION = YES_AGGRESSIVE;
				CLANG_CXX_LANGUAGE_STANDARD = "gnu++14";
				CLANG_CXX_LIBRARY = "libc++";
				CLANG_ENABLE_MODULES = YES;
				CLANG_ENABLE_OBJC_ARC = YES;
				CLANG_WARN_BLOCK_CAPTURE_AUTORELEASING = YES;
				CLANG_WARN_BOOL_CONVERSION = YES;
				CLANG_WARN_COMMA = YES;
				CLANG_WARN_CONSTANT_CONVERSION = YES;
				CLANG_WARN_DIRECT_OBJC_ISA_USAGE = YES_ERROR;
				CLANG_WARN_DOCUMENTATION_COMMENTS = YES;
				CLANG_WARN_EMPTY_BODY = YES;
				CLANG_WARN_ENUM_CONVERSION = YES;
				CLANG_WARN_INFINITE_RECURSION = YES;
				CLANG_WARN_INT_CONVERSION = YES;
				CLANG_WARN_NON_LITERAL_NULL_CONVERSION = YES;
				CLANG_WARN_OBJC_LITERAL_CONVERSION = YES;
				CLANG_WARN_OBJC_ROOT_CLASS = YES_ERROR;
				CLANG_WARN_RANGE_LOOP_ANALYSIS = YES;
				CLANG_WARN_STRICT_PROTOTYPES = YES;
				CLANG_WARN_SUSPICIOUS_MOVE = YES;
				CLANG_WARN_UNGUARDED_AVAILABILITY = YES_AGGRESSIVE;
				CLANG_WARN_UNREACHABLE_CODE = YES;
				CLANG_WARN__DUPLICATE_METHOD_MATCH = YES;
				CODE_SIGN_IDENTITY = "iPhone Developer";
				COPY_PHASE_STRIP = NO;
				DEBUG_INFORMATION_FORMAT = dwarf;
				ENABLE_STRICT_OBJC_MSGSEND = YES;
				ENABLE_TESTABILITY = YES;
				GCC_C_LANGUAGE_STANDARD = gnu11;
				GCC_DYNAMIC_NO_PIC = NO;
				GCC_NO_COMMON_BLOCKS = YES;
				GCC_OPTIMIZATION_LEVEL = 0;
				GCC_PREPROCESSOR_DEFINITIONS = (
					"DEBUG=1",
					"$(inherited)",
				);
				GCC_WARN_64_TO_32_BIT_CONVERSION = YES;
				GCC_WARN_ABOUT_RETURN_TYPE = YES_ERROR;
				GCC_WARN_UNDECLARED_SELECTOR = YES;
				GCC_WARN_UNINITIALIZED_AUTOS = YES_AGGRESSIVE;
				GCC_WARN_UNUSED_FUNCTION = YES;
				GCC_WARN_UNUSED_VARIABLE = YES;
				IPHONEOS_DEPLOYMENT_TARGET = 11.2;
				MTL_ENABLE_DEBUG_INFO = YES;
				ONLY_ACTIVE_ARCH = YES;
				SDKROOT = iphoneos;
				SWIFT_ACTIVE_COMPILATION_CONDITIONS = DEBUG;
				SWIFT_OPTIMIZATION_LEVEL = "-Onone";
			};
			name = Debug;
		};
		B1AAB33322F1901000F41997 /* Release */ = {
			isa = XCBuildConfiguration;
			buildSettings = {
				ALWAYS_SEARCH_USER_PATHS = NO;
				CLANG_ANALYZER_NONNULL = YES;
				CLANG_ANALYZER_NUMBER_OBJECT_CONVERSION = YES_AGGRESSIVE;
				CLANG_CXX_LANGUAGE_STANDARD = "gnu++14";
				CLANG_CXX_LIBRARY = "libc++";
				CLANG_ENABLE_MODULES = YES;
				CLANG_ENABLE_OBJC_ARC = YES;
				CLANG_WARN_BLOCK_CAPTURE_AUTORELEASING = YES;
				CLANG_WARN_BOOL_CONVERSION = YES;
				CLANG_WARN_COMMA = YES;
				CLANG_WARN_CONSTANT_CONVERSION = YES;
				CLANG_WARN_DIRECT_OBJC_ISA_USAGE = YES_ERROR;
				CLANG_WARN_DOCUMENTATION_COMMENTS = YES;
				CLANG_WARN_EMPTY_BODY = YES;
				CLANG_WARN_ENUM_CONVERSION = YES;
				CLANG_WARN_INFINITE_RECURSION = YES;
				CLANG_WARN_INT_CONVERSION = YES;
				CLANG_WARN_NON_LITERAL_NULL_CONVERSION = YES;
				CLANG_WARN_OBJC_LITERAL_CONVERSION = YES;
				CLANG_WARN_OBJC_ROOT_CLASS = YES_ERROR;
				CLANG_WARN_RANGE_LOOP_ANALYSIS = YES;
				CLANG_WARN_STRICT_PROTOTYPES = YES;
				CLANG_WARN_SUSPICIOUS_MOVE = YES;
				CLANG_WARN_UNGUARDED_AVAILABILITY = YES_AGGRESSIVE;
				CLANG_WARN_UNREACHABLE_CODE = YES;
				CLANG_WARN__DUPLICATE_METHOD_MATCH = YES;
				CODE_SIGN_IDENTITY = "iPhone Developer";
				COPY_PHASE_STRIP = NO;
				DEBUG_INFORMATION_FORMAT = "dwarf-with-dsym";
				ENABLE_NS_ASSERTIONS = NO;
				ENABLE_STRICT_OBJC_MSGSEND = YES;
				GCC_C_LANGUAGE_STANDARD = gnu11;
				GCC_NO_COMMON_BLOCKS = YES;
				GCC_WARN_64_TO_32_BIT_CONVERSION = YES;
				GCC_WARN_ABOUT_RETURN_TYPE = YES_ERROR;
				GCC_WARN_UNDECLARED_SELECTOR = YES;
				GCC_WARN_UNINITIALIZED_AUTOS = YES_AGGRESSIVE;
				GCC_WARN_UNUSED_FUNCTION = YES;
				GCC_WARN_UNUSED_VARIABLE = YES;
				IPHONEOS_DEPLOYMENT_TARGET = 11.2;
				MTL_ENABLE_DEBUG_INFO = NO;
				SDKROOT = iphoneos;
				SWIFT_OPTIMIZATION_LEVEL = "-Owholemodule";
				VALIDATE_PRODUCT = YES;
			};
			name = Release;
		};
		B1AAB33522F1901000F41997 /* Debug */ = {
			isa = XCBuildConfiguration;
			buildSettings = {
				ASSETCATALOG_COMPILER_APPICON_NAME = AppIcon;
				CODE_SIGN_STYLE = Automatic;
				INFOPLIST_FILE = "1907-BTech using func,return type/Info.plist";
				LD_RUNPATH_SEARCH_PATHS = "$(inherited) @executable_path/Frameworks";
				PRODUCT_BUNDLE_IDENTIFIER = "BRNINFOTECH.-907-BTech-using-func-return-type";
				PRODUCT_NAME = "$(TARGET_NAME)";
				SWIFT_VERSION = 4.0;
				TARGETED_DEVICE_FAMILY = "1,2";
			};
			name = Debug;
		};
		B1AAB33622F1901000F41997 /* Release */ = {
			isa = XCBuildConfiguration;
			buildSettings = {
				ASSETCATALOG_COMPILER_APPICON_NAME = AppIcon;
				CODE_SIGN_STYLE = Automatic;
				INFOPLIST_FILE = "1907-BTech using func,return type/Info.plist";
				LD_RUNPATH_SEARCH_PATHS = "$(inherited) @executable_path/Frameworks";
				PRODUCT_BUNDLE_IDENTIFIER = "BRNINFOTECH.-907-BTech-using-func-return-type";
				PRODUCT_NAME = "$(TARGET_NAME)";
				SWIFT_VERSION = 4.0;
				TARGETED_DEVICE_FAMILY = "1,2";
			};
			name = Release;
		};
		B1AAB33822F1901000F41997 /* Debug */ = {
			isa = XCBuildConfiguration;
			buildSettings = {
				ALWAYS_EMBED_SWIFT_STANDARD_LIBRARIES = YES;
				BUNDLE_LOADER = "$(TEST_HOST)";
				CODE_SIGN_STYLE = Automatic;
				INFOPLIST_FILE = "1907-BTech using func,return typeTests/Info.plist";
				LD_RUNPATH_SEARCH_PATHS = "$(inherited) @executable_path/Frameworks @loader_path/Frameworks";
				PRODUCT_BUNDLE_IDENTIFIER = "BRNINFOTECH.-907-BTech-using-func-return-typeTests";
				PRODUCT_NAME = "$(TARGET_NAME)";
				SWIFT_VERSION = 4.0;
				TARGETED_DEVICE_FAMILY = "1,2";
				TEST_HOST = "$(BUILT_PRODUCTS_DIR)/1907-BTech using func,return type.app/1907-BTech using func,return type";
			};
			name = Debug;
		};
		B1AAB33922F1901000F41997 /* Release */ = {
			isa = XCBuildConfiguration;
			buildSettings = {
				ALWAYS_EMBED_SWIFT_STANDARD_LIBRARIES = YES;
				BUNDLE_LOADER = "$(TEST_HOST)";
				CODE_SIGN_STYLE = Automatic;
				INFOPLIST_FILE = "1907-BTech using func,return typeTests/Info.plist";
				LD_RUNPATH_SEARCH_PATHS = "$(inherited) @executable_path/Frameworks @loader_path/Frameworks";
				PRODUCT_BUNDLE_IDENTIFIER = "BRNINFOTECH.-907-BTech-using-func-return-typeTests";
				PRODUCT_NAME = "$(TARGET_NAME)";
				SWIFT_VERSION = 4.0;
				TARGETED_DEVICE_FAMILY = "1,2";
				TEST_HOST = "$(BUILT_PRODUCTS_DIR)/1907-BTech using func,return type.app/1907-BTech using func,return type";
			};
			name = Release;
		};
		B1AAB33B22F1901000F41997 /* Debug */ = {
			isa = XCBuildConfiguration;
			buildSettings = {
				ALWAYS_EMBED_SWIFT_STANDARD_LIBRARIES = YES;
				CODE_SIGN_STYLE = Automatic;
				INFOPLIST_FILE = "1907-BTech using func,return typeUITests/Info.plist";
				LD_RUNPATH_SEARCH_PATHS = "$(inherited) @executable_path/Frameworks @loader_path/Frameworks";
				PRODUCT_BUNDLE_IDENTIFIER = "BRNINFOTECH.-907-BTech-using-func-return-typeUITests";
				PRODUCT_NAME = "$(TARGET_NAME)";
				SWIFT_VERSION = 4.0;
				TARGETED_DEVICE_FAMILY = "1,2";
				TEST_TARGET_NAME = "1907-BTech using func,return type";
			};
			name = Debug;
		};
		B1AAB33C22F1901000F41997 /* Release */ = {
			isa = XCBuildConfiguration;
			buildSettings = {
				ALWAYS_EMBED_SWIFT_STANDARD_LIBRARIES = YES;
				CODE_SIGN_STYLE = Automatic;
				INFOPLIST_FILE = "1907-BTech using func,return typeUITests/Info.plist";
				LD_RUNPATH_SEARCH_PATHS = "$(inherited) @executable_path/Frameworks @loader_path/Frameworks";
				PRODUCT_BUNDLE_IDENTIFIER = "BRNINFOTECH.-907-BTech-using-func-return-typeUITests";
				PRODUCT_NAME = "$(TARGET_NAME)";
				SWIFT_VERSION = 4.0;
				TARGETED_DEVICE_FAMILY = "1,2";
				TEST_TARGET_NAME = "1907-BTech using func,return type";
			};
			name = Release;
		};
/* End XCBuildConfiguration section */

/* Begin XCConfigurationList section */
		B1AAB30722F1901000F41997 /* Build configuration list for PBXProject "1907-BTech using func,return type" */ = {
			isa = XCConfigurationList;
			buildConfigurations = (
				B1AAB33222F1901000F41997 /* Debug */,
				B1AAB33322F1901000F41997 /* Release */,
			);
			defaultConfigurationIsVisible = 0;
			defaultConfigurationName = Release;
		};
		B1AAB33422F1901000F41997 /* Build configuration list for PBXNativeTarget "1907-BTech using func,return type" */ = {
			isa = XCConfigurationList;
			buildConfigurations = (
				B1AAB33522F1901000F41997 /* Debug */,
				B1AAB33622F1901000F41997 /* Release */,
			);
			defaultConfigurationIsVisible = 0;
			defaultConfigurationName = Release;
		};
		B1AAB33722F1901000F41997 /* Build configuration list for PBXNativeTarget "1907-BTech using func,return typeTests" */ = {
			isa = XCConfigurationList;
			buildConfigurations = (
				B1AAB33822F1901000F41997 /* Debug */,
				B1AAB33922F1901000F41997 /* Release */,
			);
			defaultConfigurationIsVisible = 0;
			defaultConfigurationName = Release;
		};
		B1AAB33A22F1901000F41997 /* Build configuration list for PBXNativeTarget "1907-BTech using func,return typeUITests" */ = {
			isa = XCConfigurationList;
			buildConfigurations = (
				B1AAB33B22F1901000F41997 /* Debug */,
				B1AAB33C22F1901000F41997 /* Release */,
			);
			defaultConfigurationIsVisible = 0;
			defaultConfigurationName = Release;
		};
/* End XCConfigurationList section */
	};
	rootObject = B1AAB30422F1901000F41997 /* Project object */;
}
